%{"alcs": {:git, "git@bitbucket.org:velimir/alcs.git", "972fee933b2c12bf842c12f48c1ef4642985be2c", []},
  "cowboy": {:package, "1.0.0"},
  "cowlib": {:package, "1.0.0"},
  "decimal": {:package, "0.2.5"},
  "ecto": {:package, "0.2.4"},
  "httpotion": {:package, "0.2.4"},
  "ibrowse": {:git, "git://github.com/cmullaparthi/ibrowse.git", "7871e2ebe8811efb64e1917e2de455fa87e8dfe3", [tag: "v4.1.0"]},
  "linguist": {:package, "0.1.2"},
  "phoenix": {:package, "0.4.0"},
  "plug": {:package, "0.7.0"},
  "poison": {:package, "1.0.3"},
  "poolboy": {:package, "1.2.1"},
  "postgrex": {:package, "0.6.0"},
  "ranch": {:package, "1.0.0"}}
